
Microsoft Visual Studio Solution File, Format Version 12.00
# Visual Studio Version 17
VisualStudioVersion = 17.14.36511.14 d17.14
MinimumVisualStudioVersion = 10.0.40219.1
Project("{FAE04EC0-301F-11D3-BF4B-00C04F79EFBC}") = "NXClient", "NXClient.csproj", "{D924942F-F007-C697-EE6D-C5B0486C93FC}"
EndProject
Global
	GlobalSection(SolutionConfigurationPlatforms) = preSolution
		Debug|Any CPU = Debug|Any CPU
		Release|Any CPU = Release|Any CPU
	EndGlobalSection
	GlobalSection(ProjectConfigurationPlatforms) = postSolution
		{D924942F-F007-C697-EE6D-C5B0486C93FC}.Debug|Any CPU.ActiveCfg = Debug|Any CPU
		{D924942F-F007-C697-EE6D-C5B0486C93FC}.Debug|Any CPU.Build.0 = Debug|Any CPU
		{D924942F-F007-C697-EE6D-C5B0486C93FC}.Release|Any CPU.ActiveCfg = Release|Any CPU
		{D924942F-F007-C697-EE6D-C5B0486C93FC}.Release|Any CPU.Build.0 = Release|Any CPU
	EndGlobalSection
	GlobalSection(SolutionProperties) = preSolution
		HideSolutionNode = FALSE
	EndGlobalSection
	GlobalSection(ExtensibilityGlobals) = postSolution
		SolutionGuid = {E1E93FD3-DCE8-45CC-B559-19BDADE9B35B}
	EndGlobalSection
EndGlobal
